
Microsoft Visual Studio Solution File, Format Version 12.00
# Visual Studio 15
VisualStudioVersion = 15.0.26730.16
MinimumVisualStudioVersion = 10.0.40219.1
Project("{FAE04EC0-301F-11D3-BF4B-00C04F79EFBC}") = "CookieSharing.WithIdentity.NETFramework", "CookieSharing.WithIdentity.NETFramework\CookieSharing.WithIdentity.NETFramework.csproj", "{27CC5FC6-B0D1-411A-834E-B4675362BD61}"
EndProject
Global
	GlobalSection(SolutionConfigurationPlatforms) = preSolution
		Debug|Any CPU = Debug|Any CPU
		Release|Any CPU = Release|Any CPU
	EndGlobalSection
	GlobalSection(ProjectConfigurationPlatforms) = postSolution
		{27CC5FC6-B0D1-411A-834E-B4675362BD61}.Debug|Any CPU.ActiveCfg = Debug|Any CPU
		{27CC5FC6-B0D1-411A-834E-B4675362BD61}.Debug|Any CPU.Build.0 = Debug|Any CPU
		{27CC5FC6-B0D1-411A-834E-B4675362BD61}.Release|Any CPU.ActiveCfg = Release|Any CPU
		{27CC5FC6-B0D1-411A-834E-B4675362BD61}.Release|Any CPU.Build.0 = Release|Any CPU
	EndGlobalSection
	GlobalSection(SolutionProperties) = preSolution
		HideSolutionNode = FALSE
	EndGlobalSection
	GlobalSection(ExtensibilityGlobals) = postSolution
		SolutionGuid = {3CB6B14D-F6D9-4696-8963-F7AF1FDF21F7}
	EndGlobalSection
EndGlobal
